{
  "name": "test",
  "version": "0.0.0",
  "lockfileVersion": 1,
  "requires": true,
  "dependencies": {
    "esbuild": {
      "version": "0.14.48",
      "resolved": "https://rb-artifactory.bosch.com:443/artifactory/api/npm/npm-repo/esbuild/-/esbuild-0.14.48.tgz",
      "integrity": "sha1-2l2NJc0tlAxF6gz+zcpyf3ruK4U=",
      "dev": true,
      "requires": {
        "esbuild-android-64": "0.14.48",
        "esbuild-android-arm64": "0.14.48",
        "esbuild-darwin-64": "0.14.48",
        "esbuild-darwin-arm64": "0.14.48",
        "esbuild-freebsd-64": "0.14.48",
        "esbuild-freebsd-arm64": "0.14.48",
        "esbuild-linux-32": "0.14.48",
        "esbuild-linux-64": "0.14.48",
        "esbuild-linux-arm": "0.14.48",
        "esbuild-linux-arm64": "0.14.48",
        "esbuild-linux-mips64le": "0.14.48",
        "esbuild-linux-ppc64le": "0.14.48",
        "esbuild-linux-riscv64": "0.14.48",
        "esbuild-linux-s390x": "0.14.48",
        "esbuild-netbsd-64": "0.14.48",
        "esbuild-openbsd-64": "0.14.48",
        "esbuild-sunos-64": "0.14.48",
        "esbuild-windows-32": "0.14.48",
        "esbuild-windows-64": "0.14.48",
        "esbuild-windows-arm64": "0.14.48"
      }
    },
    "esbuild-android-64": {
      "version": "0.14.48",
      "resolved": "https://rb-artifactory.bosch.com:443/artifactory/api/npm/npm-repo/esbuild-android-64/-/esbuild-android-64-0.14.48.tgz",
      "integrity": "sha1-fmOUoOUX9zhkE4Wq9VPH5PttGuM=",
      "dev": true,
      "optional": true
    },
    "esbuild-android-arm64": {
      "version": "0.14.48",
      "resolved": "https://rb-artifactory.bosch.com:443/artifactory/api/npm/npm-repo/esbuild-android-arm64/-/esbuild-android-arm64-0.14.48.tgz",
      "integrity": "sha1-aHdWa+D4LdWkMDDAAH0G7Of3wC8=",
      "dev": true,
      "optional": true
    },
    "esbuild-darwin-64": {
      "version": "0.14.48",
      "resolved": "https://rb-artifactory.bosch.com:443/artifactory/api/npm/npm-repo/esbuild-darwin-64/-/esbuild-darwin-64-0.14.48.tgz",
      "integrity": "sha1-6jyt23B9iPhEsaod6l/zsKce8f0=",
      "dev": true,
      "optional": true
    },
    "esbuild-darwin-arm64": {
      "version": "0.14.48",
      "resolved": "https://rb-artifactory.bosch.com:443/artifactory/api/npm/npm-repo/esbuild-darwin-arm64/-/esbuild-darwin-arm64-0.14.48.tgz",
      "integrity": "sha1-Tl6qtU32bMMZt2oqwOivTm8NnC8=",
      "dev": true,
      "optional": true
    },
    "esbuild-freebsd-64": {
      "version": "0.14.48",
      "resolved": "https://rb-artifactory.bosch.com:443/artifactory/api/npm/npm-repo/esbuild-freebsd-64/-/esbuild-freebsd-64-0.14.48.tgz",
      "integrity": "sha1-R7Wrx0JurmaGFJD/uzgKzGevWxU=",
      "dev": true,
      "optional": true
    },
    "esbuild-freebsd-arm64": {
      "version": "0.14.48",
      "resolved": "https://rb-artifactory.bosch.com:443/artifactory/api/npm/npm-repo/esbuild-freebsd-arm64/-/esbuild-freebsd-arm64-0.14.48.tgz",
      "integrity": "sha1-6MVMhjfNRP7tln6hIziwpNo6exE=",
      "dev": true,
      "optional": true
    },
    "esbuild-linux-32": {
      "version": "0.14.48",
      "resolved": "https://rb-artifactory.bosch.com:443/artifactory/api/npm/npm-repo/esbuild-linux-32/-/esbuild-linux-32-0.14.48.tgz",
      "integrity": "sha1-IpzzJG3it5N8OsE/rGItTXoTRMU=",
      "dev": true,
      "optional": true
    },
    "esbuild-linux-64": {
      "version": "0.14.48",
      "resolved": "https://rb-artifactory.bosch.com:443/artifactory/api/npm/npm-repo/esbuild-linux-64/-/esbuild-linux-64-0.14.48.tgz",
      "integrity": "sha1-fA5yJsAsQqrMVlbDaXdJPcHpbE8=",
      "dev": true,
      "optional": true
    },
    "esbuild-linux-arm": {
      "version": "0.14.48",
      "resolved": "https://rb-artifactory.bosch.com:443/artifactory/api/npm/npm-repo/esbuild-linux-arm/-/esbuild-linux-arm-0.14.48.tgz",
      "integrity": "sha1-3k0fprd83NAOK7Q90IAeRoDwq1I=",
      "dev": true,
      "optional": true
    },
    "esbuild-linux-arm64": {
      "version": "0.14.48",
      "resolved": "https://rb-artifactory.bosch.com:443/artifactory/api/npm/npm-repo/esbuild-linux-arm64/-/esbuild-linux-arm64-0.14.48.tgz",
      "integrity": "sha1-CvHtpHS1xswMrOgjW3TQy4/PV6c=",
      "dev": true,
      "optional": true
    },
    "esbuild-linux-mips64le": {
      "version": "0.14.48",
      "resolved": "https://rb-artifactory.bosch.com:443/artifactory/api/npm/npm-repo/esbuild-linux-mips64le/-/esbuild-linux-mips64le-0.14.48.tgz",
      "integrity": "sha1-giwXeElfeGjpkNTaR61ygd8o/RU=",
      "dev": true,
      "optional": true
    },
    "esbuild-linux-ppc64le": {
      "version": "0.14.48",
      "resolved": "https://rb-artifactory.bosch.com:443/artifactory/api/npm/npm-repo/esbuild-linux-ppc64le/-/esbuild-linux-ppc64le-0.14.48.tgz",
      "integrity": "sha1-Vd4KnsSkj+3+gqY+CDFk0AFwlEc=",
      "dev": true,
      "optional": true
    },
    "esbuild-linux-riscv64": {
      "version": "0.14.48",
      "resolved": "https://rb-artifactory.bosch.com:443/artifactory/api/npm/npm-repo/esbuild-linux-riscv64/-/esbuild-linux-riscv64-0.14.48.tgz",
      "integrity": "sha1-zStzgYgLL0shpaWY+2c0khIPGKU=",
      "dev": true,
      "optional": true
    },
    "esbuild-linux-s390x": {
      "version": "0.14.48",
      "resolved": "https://rb-artifactory.bosch.com:443/artifactory/api/npm/npm-repo/esbuild-linux-s390x/-/esbuild-linux-s390x-0.14.48.tgz",
      "integrity": "sha1-SzGeyipcZGN/xzl/+9lnFxnNtr8=",
      "dev": true,
      "optional": true
    },
    "esbuild-netbsd-64": {
      "version": "0.14.48",
      "resolved": "https://rb-artifactory.bosch.com:443/artifactory/api/npm/npm-repo/esbuild-netbsd-64/-/esbuild-netbsd-64-0.14.48.tgz",
      "integrity": "sha1-wnzei1y1XcwieUOhirB4+5jQrb8=",
      "dev": true,
      "optional": true
    },
    "esbuild-openbsd-64": {
      "version": "0.14.48",
      "resolved": "https://rb-artifactory.bosch.com:443/artifactory/api/npm/npm-repo/esbuild-openbsd-64/-/esbuild-openbsd-64-0.14.48.tgz",
      "integrity": "sha1-r1qy0ctB8JBku6lGX8i/EwkVDfE=",
      "dev": true,
      "optional": true
    },
    "esbuild-sunos-64": {
      "version": "0.14.48",
      "resolved": "https://rb-artifactory.bosch.com:443/artifactory/api/npm/npm-repo/esbuild-sunos-64/-/esbuild-sunos-64-0.14.48.tgz",
      "integrity": "sha1-2zriBSYFXPb9XEWCZ2IzgUYDrFQ=",
      "dev": true,
      "optional": true
    },
    "esbuild-windows-32": {
      "version": "0.14.48",
      "resolved": "https://rb-artifactory.bosch.com:443/artifactory/api/npm/npm-repo/esbuild-windows-32/-/esbuild-windows-32-0.14.48.tgz",
      "integrity": "sha1-Ah/86wo/gweCYocNqIqRIpPFdHU=",
      "dev": true,
      "optional": true
    },
    "esbuild-windows-64": {
      "version": "0.14.48",
      "resolved": "https://rb-artifactory.bosch.com:443/artifactory/api/npm/npm-repo/esbuild-windows-64/-/esbuild-windows-64-0.14.48.tgz",
      "integrity": "sha1-pNNAe1gPn6rFH2HuwJX6mF+z/uQ=",
      "dev": true,
      "optional": true
    },
    "esbuild-windows-arm64": {
      "version": "0.14.48",
      "resolved": "https://rb-artifactory.bosch.com:443/artifactory/api/npm/npm-repo/esbuild-windows-arm64/-/esbuild-windows-arm64-0.14.48.tgz",
      "integrity": "sha1-diwFYhJ9iwm/two8gWRgdC3YKIA=",
      "dev": true,
      "optional": true
    },
    "fsevents": {
      "version": "2.3.2",
      "resolved": "https://rb-artifactory.bosch.com:443/artifactory/api/npm/npm-repo/fsevents/-/fsevents-2.3.2.tgz",
      "integrity": "sha1-ilJveLj99GI7cJ4Ll1xSwkwC/Ro=",
      "dev": true,
      "optional": true
    },
    "function-bind": {
      "version": "1.1.1",
      "resolved": "https://rb-artifactory.bosch.com:443/artifactory/api/npm/npm-repo/function-bind/-/function-bind-1.1.1.tgz",
      "integrity": "sha1-pWiZ0+o8m6uHS7l3O3xe3pL0iV0=",
      "dev": true
    },
    "has": {
      "version": "1.0.3",
      "resolved": "https://rb-artifactory.bosch.com:443/artifactory/api/npm/npm-repo/has/-/has-1.0.3.tgz",
      "integrity": "sha1-ci18v8H2qoJB8W3YFOAR4fQeh5Y=",
      "dev": true,
      "requires": {
        "function-bind": "^1.1.1"
      }
    },
    "is-core-module": {
      "version": "2.9.0",
      "resolved": "https://rb-artifactory.bosch.com:443/artifactory/api/npm/npm-repo/is-core-module/-/is-core-module-2.9.0.tgz",
      "integrity": "sha1-4cNEKc1Rxt2eCeB5njluJ7GanGk=",
      "dev": true,
      "requires": {
        "has": "^1.0.3"
      }
    },
    "nanoid": {
      "version": "3.3.4",
      "resolved": "https://rb-artifactory.bosch.com:443/artifactory/api/npm/npm-repo/nanoid/-/nanoid-3.3.4.tgz",
      "integrity": "sha1-cwtn480J4t6s8DwCfIHJ2dvF6Ks=",
      "dev": true
    },
    "path-parse": {
      "version": "1.0.7",
      "resolved": "https://rb-artifactory.bosch.com:443/artifactory/api/npm/npm-repo/path-parse/-/path-parse-1.0.7.tgz",
      "integrity": "sha1-+8EUtgykKzDZ2vWFjkvWi77bZzU=",
      "dev": true
    },
    "picocolors": {
      "version": "1.0.0",
      "resolved": "https://rb-artifactory.bosch.com:443/artifactory/api/npm/npm-repo/picocolors/-/picocolors-1.0.0.tgz",
      "integrity": "sha1-y1vcdP8/UYkiNur3nWi8RFZKuBw=",
      "dev": true
    },
    "postcss": {
      "version": "8.4.14",
      "resolved": "https://rb-artifactory.bosch.com:443/artifactory/api/npm/npm-repo/postcss/-/postcss-8.4.14.tgz",
      "integrity": "sha1-7pJ01WIrSFjBAHp0125C5W/SHK8=",
      "dev": true,
      "requires": {
        "nanoid": "^3.3.4",
        "picocolors": "^1.0.0",
        "source-map-js": "^1.0.2"
      }
    },
    "prettier": {
      "version": "2.7.1",
      "resolved": "https://rb-artifactory.bosch.com:443/artifactory/api/npm/npm-repo/prettier/-/prettier-2.7.1.tgz",
      "integrity": "sha1-4jWAaFDQV/l7sINopPfYmfd2DGQ=",
      "dev": true
    },
    "resolve": {
      "version": "1.22.1",
      "resolved": "https://rb-artifactory.bosch.com:443/artifactory/api/npm/npm-repo/resolve/-/resolve-1.22.1.tgz",
      "integrity": "sha1-J8suu1P5GrtJRwqSi7p1WAZqwXc=",
      "dev": true,
      "requires": {
        "is-core-module": "^2.9.0",
        "path-parse": "^1.0.7",
        "supports-preserve-symlinks-flag": "^1.0.0"
      }
    },
    "rollup": {
      "version": "2.75.7",
      "resolved": "https://rb-artifactory.bosch.com:443/artifactory/api/npm/npm-repo/rollup/-/rollup-2.75.7.tgz",
      "integrity": "sha1-Ih/xGIeuJx433MZJujLOFZCqoLk=",
      "dev": true,
      "requires": {
        "fsevents": "~2.3.2"
      }
    },
    "source-map-js": {
      "version": "1.0.2",
      "resolved": "https://rb-artifactory.bosch.com:443/artifactory/api/npm/npm-repo/source-map-js/-/source-map-js-1.0.2.tgz",
      "integrity": "sha1-rbw2HZxi3zgBJefxYfccgm8eSQw=",
      "dev": true
    },
    "supports-preserve-symlinks-flag": {
      "version": "1.0.0",
      "resolved": "https://rb-artifactory.bosch.com:443/artifactory/api/npm/npm-repo/supports-preserve-symlinks-flag/-/supports-preserve-symlinks-flag-1.0.0.tgz",
      "integrity": "sha1-btpL00SjyUrqN21MwxvHcxEDngk=",
      "dev": true
    },
    "vite": {
      "version": "2.9.13",
      "resolved": "https://rb-artifactory.bosch.com:443/artifactory/api/npm/npm-repo/vite/-/vite-2.9.13.tgz",
      "integrity": "sha1-hZy11MMWwNjG7JhmBFwPeFjKarw=",
      "dev": true,
      "requires": {
        "esbuild": "^0.14.27",
        "fsevents": "~2.3.2",
        "postcss": "^8.4.13",
        "resolve": "^1.22.0",
        "rollup": "^2.59.0"
      }
    }
  }
}
